
Microsoft Visual Studio Solution File, Format Version 12.00
# Visual Studio Version 16
VisualStudioVersion = 16.0.34301.259
MinimumVisualStudioVersion = 10.0.40219.1
Project("{FAE04EC0-301F-11D3-BF4B-00C04F79EFBC}") = "VideoApplicationServer", "VideoApplicationServer\VideoApplicationServer.csproj", "{35F1997D-9519-47FD-9C4C-2E1541DA715B}"
EndProject
Global
	GlobalSection(SolutionConfigurationPlatforms) = preSolution
		Debug|Any CPU = Debug|Any CPU
		Release|Any CPU = Release|Any CPU
	EndGlobalSection
	GlobalSection(ProjectConfigurationPlatforms) = postSolution
		{35F1997D-9519-47FD-9C4C-2E1541DA715B}.Debug|Any CPU.ActiveCfg = Debug|Any CPU
		{35F1997D-9519-47FD-9C4C-2E1541DA715B}.Debug|Any CPU.Build.0 = Debug|Any CPU
		{35F1997D-9519-47FD-9C4C-2E1541DA715B}.Release|Any CPU.ActiveCfg = Release|Any CPU
		{35F1997D-9519-47FD-9C4C-2E1541DA715B}.Release|Any CPU.Build.0 = Release|Any CPU
	EndGlobalSection
	GlobalSection(SolutionProperties) = preSolution
		HideSolutionNode = FALSE
	EndGlobalSection
	GlobalSection(ExtensibilityGlobals) = postSolution
		SolutionGuid = {D8B5B547-8BA0-4930-8B70-86565F214E8C}
	EndGlobalSection
EndGlobal
